// !$*UTF8*$!
{
	archiveVersion = 1;
	classes = {
	};
	objectVersion = 55;
	objects = {

/* Begin PBXBuildFile section */
		D8101F5E2758FA7000602D46 /* AppSUI01App.swift in Sources */ = {isa = PBXBuildFile; fileRef = D8101F5D2758FA7000602D46 /* AppSUI01App.swift */; };
		D8101F602758FA7000602D46 /* ContentView.swift in Sources */ = {isa = PBXBuildFile; fileRef = D8101F5F2758FA7000602D46 /* ContentView.swift */; };
		D8101F622758FA7100602D46 /* Assets.xcassets in Resources */ = {isa = PBXBuildFile; fileRef = D8101F612758FA7100602D46 /* Assets.xcassets */; };
		D8101F652758FA7100602D46 /* Preview Assets.xcassets in Resources */ = {isa = PBXBuildFile; fileRef = D8101F642758FA7100602D46 /* Preview Assets.xcassets */; };
		D810F53B275B9BFB0034F863 /* HomeScreen.swift in Sources */ = {isa = PBXBuildFile; fileRef = D810F53A275B9BFB0034F863 /* HomeScreen.swift */; };
		D810F53F275BE2C00034F863 /* DateField.swift in Sources */ = {isa = PBXBuildFile; fileRef = D810F53E275BE2C00034F863 /* DateField.swift */; };
		D8B79A712759409D00EC0532 /* LazyView.swift in Sources */ = {isa = PBXBuildFile; fileRef = D8B79A702759409D00EC0532 /* LazyView.swift */; };
		D8B79A742759413F00EC0532 /* SettingsViewModel.swift in Sources */ = {isa = PBXBuildFile; fileRef = D8B79A732759413F00EC0532 /* SettingsViewModel.swift */; };
		D8B79A7A275941EE00EC0532 /* TaskScreen.swift in Sources */ = {isa = PBXBuildFile; fileRef = D8B79A79275941EE00EC0532 /* TaskScreen.swift */; };
		D8B79A7C2759421C00EC0532 /* CatalogScreen.swift in Sources */ = {isa = PBXBuildFile; fileRef = D8B79A7B2759421C00EC0532 /* CatalogScreen.swift */; };
		D8B79A7E2759425800EC0532 /* SettingsScreen.swift in Sources */ = {isa = PBXBuildFile; fileRef = D8B79A7D2759425800EC0532 /* SettingsScreen.swift */; };
/* End PBXBuildFile section */

/* Begin PBXFileReference section */
		D8101F5A2758FA7000602D46 /* AppSUI01.app */ = {isa = PBXFileReference; explicitFileType = wrapper.application; includeInIndex = 0; path = AppSUI01.app; sourceTree = BUILT_PRODUCTS_DIR; };
		D8101F5D2758FA7000602D46 /* AppSUI01App.swift */ = {isa = PBXFileReference; lastKnownFileType = sourcecode.swift; path = AppSUI01App.swift; sourceTree = "<group>"; };
		D8101F5F2758FA7000602D46 /* ContentView.swift */ = {isa = PBXFileReference; lastKnownFileType = sourcecode.swift; path = ContentView.swift; sourceTree = "<group>"; };
		D8101F612758FA7100602D46 /* Assets.xcassets */ = {isa = PBXFileReference; lastKnownFileType = folder.assetcatalog; path = Assets.xcassets; sourceTree = "<group>"; };
		D8101F642758FA7100602D46 /* Preview Assets.xcassets */ = {isa = PBXFileReference; lastKnownFileType = folder.assetcatalog; path = "Preview Assets.xcassets"; sourceTree = "<group>"; };
		D810F53A275B9BFB0034F863 /* HomeScreen.swift */ = {isa = PBXFileReference; lastKnownFileType = sourcecode.swift; path = HomeScreen.swift; sourceTree = "<group>"; };
		D810F53E275BE2C00034F863 /* DateField.swift */ = {isa = PBXFileReference; lastKnownFileType = sourcecode.swift; path = DateField.swift; sourceTree = "<group>"; };
		D8B79A702759409D00EC0532 /* LazyView.swift */ = {isa = PBXFileReference; lastKnownFileType = sourcecode.swift; path = LazyView.swift; sourceTree = "<group>"; };
		D8B79A732759413F00EC0532 /* SettingsViewModel.swift */ = {isa = PBXFileReference; lastKnownFileType = sourcecode.swift; path = SettingsViewModel.swift; sourceTree = "<group>"; };
		D8B79A79275941EE00EC0532 /* TaskScreen.swift */ = {isa = PBXFileReference; lastKnownFileType = sourcecode.swift; path = TaskScreen.swift; sourceTree = "<group>"; };
		D8B79A7B2759421C00EC0532 /* CatalogScreen.swift */ = {isa = PBXFileReference; lastKnownFileType = sourcecode.swift; path = CatalogScreen.swift; sourceTree = "<group>"; };
		D8B79A7D2759425800EC0532 /* SettingsScreen.swift */ = {isa = PBXFileReference; lastKnownFileType = sourcecode.swift; path = SettingsScreen.swift; sourceTree = "<group>"; };
/* End PBXFileReference section */

/* Begin PBXFrameworksBuildPhase section */
		D8101F572758FA7000602D46 /* Frameworks */ = {
			isa = PBXFrameworksBuildPhase;
			buildActionMask = 2147483647;
			files = (
			);
			runOnlyForDeploymentPostprocessing = 0;
		};
/* End PBXFrameworksBuildPhase section */

/* Begin PBXGroup section */
		D8101F512758FA7000602D46 = {
			isa = PBXGroup;
			children = (
				D8101F5C2758FA7000602D46 /* AppSUI01 */,
				D8101F5B2758FA7000602D46 /* Products */,
			);
			sourceTree = "<group>";
		};
		D8101F5B2758FA7000602D46 /* Products */ = {
			isa = PBXGroup;
			children = (
				D8101F5A2758FA7000602D46 /* AppSUI01.app */,
			);
			name = Products;
			sourceTree = "<group>";
		};
		D8101F5C2758FA7000602D46 /* AppSUI01 */ = {
			isa = PBXGroup;
			children = (
				D8B79A6F27593DBE00EC0532 /* ViewModifiers */,
				D8101F5D2758FA7000602D46 /* AppSUI01App.swift */,
				D8101F5F2758FA7000602D46 /* ContentView.swift */,
				D8B79A722759410C00EC0532 /* Home */,
				D8B79A79275941EE00EC0532 /* TaskScreen.swift */,
				D8B79A7B2759421C00EC0532 /* CatalogScreen.swift */,
				D8B79A7D2759425800EC0532 /* SettingsScreen.swift */,
				D8B79A732759413F00EC0532 /* SettingsViewModel.swift */,
				D810F53E275BE2C00034F863 /* DateField.swift */,
				D8101F612758FA7100602D46 /* Assets.xcassets */,
				D8101F632758FA7100602D46 /* Preview Content */,
			);
			path = AppSUI01;
			sourceTree = "<group>";
		};
		D8101F632758FA7100602D46 /* Preview Content */ = {
			isa = PBXGroup;
			children = (
				D8101F642758FA7100602D46 /* Preview Assets.xcassets */,
			);
			path = "Preview Content";
			sourceTree = "<group>";
		};
		D8B79A6F27593DBE00EC0532 /* ViewModifiers */ = {
			isa = PBXGroup;
			children = (
				D8B79A702759409D00EC0532 /* LazyView.swift */,
			);
			name = ViewModifiers;
			sourceTree = "<group>";
		};
		D8B79A722759410C00EC0532 /* Home */ = {
			isa = PBXGroup;
			children = (
				D810F53A275B9BFB0034F863 /* HomeScreen.swift */,
			);
			path = Home;
			sourceTree = "<group>";
		};
/* End PBXGroup section */

/* Begin PBXNativeTarget section */
		D8101F592758FA7000602D46 /* AppSUI01 */ = {
			isa = PBXNativeTarget;
			buildConfigurationList = D8101F682758FA7100602D46 /* Build configuration list for PBXNativeTarget "AppSUI01" */;
			buildPhases = (
				D8101F562758FA7000602D46 /* Sources */,
				D8101F572758FA7000602D46 /* Frameworks */,
				D8101F582758FA7000602D46 /* Resources */,
			);
			buildRules = (
			);
			dependencies = (
			);
			name = AppSUI01;
			productName = AppSUI01;
			productReference = D8101F5A2758FA7000602D46 /* AppSUI01.app */;
			productType = "com.apple.product-type.application";
		};
/* End PBXNativeTarget section */

/* Begin PBXProject section */
		D8101F522758FA7000602D46 /* Project object */ = {
			isa = PBXProject;
			attributes = {
				BuildIndependentTargetsInParallel = 1;
				LastSwiftUpdateCheck = 1310;
				LastUpgradeCheck = 1310;
				TargetAttributes = {
					D8101F592758FA7000602D46 = {
						CreatedOnToolsVersion = 13.1;
					};
				};
			};
			buildConfigurationList = D8101F552758FA7000602D46 /* Build configuration list for PBXProject "AppSUI01" */;
			compatibilityVersion = "Xcode 13.0";
			developmentRegion = en;
			hasScannedForEncodings = 0;
			knownRegions = (
				en,
				Base,
			);
			mainGroup = D8101F512758FA7000602D46;
			productRefGroup = D8101F5B2758FA7000602D46 /* Products */;
			projectDirPath = "";
			projectRoot = "";
			targets = (
				D8101F592758FA7000602D46 /* AppSUI01 */,
			);
		};
/* End PBXProject section */

/* Begin PBXResourcesBuildPhase section */
		D8101F582758FA7000602D46 /* Resources */ = {
			isa = PBXResourcesBuildPhase;
			buildActionMask = 2147483647;
			files = (
				D8101F652758FA7100602D46 /* Preview Assets.xcassets in Resources */,
				D8101F622758FA7100602D46 /* Assets.xcassets in Resources */,
			);
			runOnlyForDeploymentPostprocessing = 0;
		};
/* End PBXResourcesBuildPhase section */

/* Begin PBXSourcesBuildPhase section */
		D8101F562758FA7000602D46 /* Sources */ = {
			isa = PBXSourcesBuildPhase;
			buildActionMask = 2147483647;
			files = (
				D8B79A712759409D00EC0532 /* LazyView.swift in Sources */,
				D8B79A7C2759421C00EC0532 /* CatalogScreen.swift in Sources */,
				D8101F602758FA7000602D46 /* ContentView.swift in Sources */,
				D8B79A742759413F00EC0532 /* SettingsViewModel.swift in Sources */,
				D8B79A7E2759425800EC0532 /* SettingsScreen.swift in Sources */,
				D810F53F275BE2C00034F863 /* DateField.swift in Sources */,
				D8B79A7A275941EE00EC0532 /* TaskScreen.swift in Sources */,
				D8101F5E2758FA7000602D46 /* AppSUI01App.swift in Sources */,
				D810F53B275B9BFB0034F863 /* HomeScreen.swift in Sources */,
			);
			runOnlyForDeploymentPostprocessing = 0;
		};
/* End PBXSourcesBuildPhase section */

/* Begin XCBuildConfiguration section */
		D8101F662758FA7100602D46 /* Debug */ = {
			isa = XCBuildConfiguration;
			buildSettings = {
				ALWAYS_SEARCH_USER_PATHS = NO;
				CLANG_ANALYZER_NONNULL = YES;
				CLANG_ANALYZER_NUMBER_OBJECT_CONVERSION = YES_AGGRESSIVE;
				CLANG_CXX_LANGUAGE_STANDARD = "gnu++17";
				CLANG_CXX_LIBRARY = "libc++";
				CLANG_ENABLE_MODULES = YES;
				CLANG_ENABLE_OBJC_ARC = YES;
				CLANG_ENABLE_OBJC_WEAK = YES;
				CLANG_WARN_BLOCK_CAPTURE_AUTORELEASING = YES;
				CLANG_WARN_BOOL_CONVERSION = YES;
				CLANG_WARN_COMMA = YES;
				CLANG_WARN_CONSTANT_CONVERSION = YES;
				CLANG_WARN_DEPRECATED_OBJC_IMPLEMENTATIONS = YES;
				CLANG_WARN_DIRECT_OBJC_ISA_USAGE = YES_ERROR;
				CLANG_WARN_DOCUMENTATION_COMMENTS = YES;
				CLANG_WARN_EMPTY_BODY = YES;
				CLANG_WARN_ENUM_CONVERSION = YES;
				CLANG_WARN_INFINITE_RECURSION = YES;
				CLANG_WARN_INT_CONVERSION = YES;
				CLANG_WARN_NON_LITERAL_NULL_CONVERSION = YES;
				CLANG_WARN_OBJC_IMPLICIT_RETAIN_SELF = YES;
				CLANG_WARN_OBJC_LITERAL_CONVERSION = YES;
				CLANG_WARN_OBJC_ROOT_CLASS = YES_ERROR;
				CLANG_WARN_QUOTED_INCLUDE_IN_FRAMEWORK_HEADER = YES;
				CLANG_WARN_RANGE_LOOP_ANALYSIS = YES;
				CLANG_WARN_STRICT_PROTOTYPES = YES;
				CLANG_WARN_SUSPICIOUS_MOVE = YES;
				CLANG_WARN_UNGUARDED_AVAILABILITY = YES_AGGRESSIVE;
				CLANG_WARN_UNREACHABLE_CODE = YES;
				CLANG_WARN__DUPLICATE_METHOD_MATCH = YES;
				COPY_PHASE_STRIP = NO;
				DEBUG_INFORMATION_FORMAT = dwarf;
				ENABLE_STRICT_OBJC_MSGSEND = YES;
				ENABLE_TESTABILITY = YES;
				GCC_C_LANGUAGE_STANDARD = gnu11;
				GCC_DYNAMIC_NO_PIC = NO;
				GCC_NO_COMMON_BLOCKS = YES;
				GCC_OPTIMIZATION_LEVEL = 0;
				GCC_PREPROCESSOR_DEFINITIONS = (
					"DEBUG=1",
					"$(inherited)",
				);
				GCC_WARN_64_TO_32_BIT_CONVERSION = YES;
				GCC_WARN_ABOUT_RETURN_TYPE = YES_ERROR;
				GCC_WARN_UNDECLARED_SELECTOR = YES;
				GCC_WARN_UNINITIALIZED_AUTOS = YES_AGGRESSIVE;
				GCC_WARN_UNUSED_FUNCTION = YES;
				GCC_WARN_UNUSED_VARIABLE = YES;
				IPHONEOS_DEPLOYMENT_TARGET = 15.0;
				MTL_ENABLE_DEBUG_INFO = INCLUDE_SOURCE;
				MTL_FAST_MATH = YES;
				ONLY_ACTIVE_ARCH = YES;
				SDKROOT = iphoneos;
				SWIFT_ACTIVE_COMPILATION_CONDITIONS = DEBUG;
				SWIFT_OPTIMIZATION_LEVEL = "-Onone";
			};
			name = Debug;
		};
		D8101F672758FA7100602D46 /* Release */ = {
			isa = XCBuildConfiguration;
			buildSettings = {
				ALWAYS_SEARCH_USER_PATHS = NO;
				CLANG_ANALYZER_NONNULL = YES;
				CLANG_ANALYZER_NUMBER_OBJECT_CONVERSION = YES_AGGRESSIVE;
				CLANG_CXX_LANGUAGE_STANDARD = "gnu++17";
				CLANG_CXX_LIBRARY = "libc++";
				CLANG_ENABLE_MODULES = YES;
				CLANG_ENABLE_OBJC_ARC = YES;
				CLANG_ENABLE_OBJC_WEAK = YES;
				CLANG_WARN_BLOCK_CAPTURE_AUTORELEASING = YES;
				CLANG_WARN_BOOL_CONVERSION = YES;
				CLANG_WARN_COMMA = YES;
				CLANG_WARN_CONSTANT_CONVERSION = YES;
				CLANG_WARN_DEPRECATED_OBJC_IMPLEMENTATIONS = YES;
				CLANG_WARN_DIRECT_OBJC_ISA_USAGE = YES_ERROR;
				CLANG_WARN_DOCUMENTATION_COMMENTS = YES;
				CLANG_WARN_EMPTY_BODY = YES;
				CLANG_WARN_ENUM_CONVERSION = YES;
				CLANG_WARN_INFINITE_RECURSION = YES;
				CLANG_WARN_INT_CONVERSION = YES;
				CLANG_WARN_NON_LITERAL_NULL_CONVERSION = YES;
				CLANG_WARN_OBJC_IMPLICIT_RETAIN_SELF = YES;
				CLANG_WARN_OBJC_LITERAL_CONVERSION = YES;
				CLANG_WARN_OBJC_ROOT_CLASS = YES_ERROR;
				CLANG_WARN_QUOTED_INCLUDE_IN_FRAMEWORK_HEADER = YES;
				CLANG_WARN_RANGE_LOOP_ANALYSIS = YES;
				CLANG_WARN_STRICT_PROTOTYPES = YES;
				CLANG_WARN_SUSPICIOUS_MOVE = YES;
				CLANG_WARN_UNGUARDED_AVAILABILITY = YES_AGGRESSIVE;
				CLANG_WARN_UNREACHABLE_CODE = YES;
				CLANG_WARN__DUPLICATE_METHOD_MATCH = YES;
				COPY_PHASE_STRIP = NO;
				DEBUG_INFORMATION_FORMAT = "dwarf-with-dsym";
				ENABLE_NS_ASSERTIONS = NO;
				ENABLE_STRICT_OBJC_MSGSEND = YES;
				GCC_C_LANGUAGE_STANDARD = gnu11;
				GCC_NO_COMMON_BLOCKS = YES;
				GCC_WARN_64_TO_32_BIT_CONVERSION = YES;
				GCC_WARN_ABOUT_RETURN_TYPE = YES_ERROR;
				GCC_WARN_UNDECLARED_SELECTOR = YES;
				GCC_WARN_UNINITIALIZED_AUTOS = YES_AGGRESSIVE;
				GCC_WARN_UNUSED_FUNCTION = YES;
				GCC_WARN_UNUSED_VARIABLE = YES;
				IPHONEOS_DEPLOYMENT_TARGET = 15.0;
				MTL_ENABLE_DEBUG_INFO = NO;
				MTL_FAST_MATH = YES;
				SDKROOT = iphoneos;
				SWIFT_COMPILATION_MODE = wholemodule;
				SWIFT_OPTIMIZATION_LEVEL = "-O";
				VALIDATE_PRODUCT = YES;
			};
			name = Release;
		};
		D8101F692758FA7100602D46 /* Debug */ = {
			isa = XCBuildConfiguration;
			buildSettings = {
				ASSETCATALOG_COMPILER_APPICON_NAME = AppIcon;
				ASSETCATALOG_COMPILER_GLOBAL_ACCENT_COLOR_NAME = AccentColor;
				CODE_SIGN_STYLE = Automatic;
				CURRENT_PROJECT_VERSION = 1;
				DEVELOPMENT_ASSET_PATHS = "\"AppSUI01/Preview Content\"";
				DEVELOPMENT_TEAM = 6RF64JAM9R;
				ENABLE_PREVIEWS = YES;
				GENERATE_INFOPLIST_FILE = YES;
				INFOPLIST_KEY_UIApplicationSceneManifest_Generation = YES;
				INFOPLIST_KEY_UIApplicationSupportsIndirectInputEvents = YES;
				INFOPLIST_KEY_UILaunchScreen_Generation = YES;
				INFOPLIST_KEY_UISupportedInterfaceOrientations_iPad = "UIInterfaceOrientationPortrait UIInterfaceOrientationPortraitUpsideDown UIInterfaceOrientationLandscapeLeft UIInterfaceOrientationLandscapeRight";
				INFOPLIST_KEY_UISupportedInterfaceOrientations_iPhone = "UIInterfaceOrientationPortrait UIInterfaceOrientationLandscapeLeft UIInterfaceOrientationLandscapeRight";
				LD_RUNPATH_SEARCH_PATHS = (
					"$(inherited)",
					"@executable_path/Frameworks",
				);
				MARKETING_VERSION = 1.0;
				PRODUCT_BUNDLE_IDENTIFIER = com.natalykn.AppSUI01;
				PRODUCT_NAME = "$(TARGET_NAME)";
				SWIFT_EMIT_LOC_STRINGS = YES;
				SWIFT_VERSION = 5.0;
				TARGETED_DEVICE_FAMILY = "1,2";
			};
			name = Debug;
		};
		D8101F6A2758FA7100602D46 /* Release */ = {
			isa = XCBuildConfiguration;
			buildSettings = {
				ASSETCATALOG_COMPILER_APPICON_NAME = AppIcon;
				ASSETCATALOG_COMPILER_GLOBAL_ACCENT_COLOR_NAME = AccentColor;
				CODE_SIGN_STYLE = Automatic;
				CURRENT_PROJECT_VERSION = 1;
				DEVELOPMENT_ASSET_PATHS = "\"AppSUI01/Preview Content\"";
				DEVELOPMENT_TEAM = 6RF64JAM9R;
				ENABLE_PREVIEWS = YES;
				GENERATE_INFOPLIST_FILE = YES;
				INFOPLIST_KEY_UIApplicationSceneManifest_Generation = YES;
				INFOPLIST_KEY_UIApplicationSupportsIndirectInputEvents = YES;
				INFOPLIST_KEY_UILaunchScreen_Generation = YES;
				INFOPLIST_KEY_UISupportedInterfaceOrientations_iPad = "UIInterfaceOrientationPortrait UIInterfaceOrientationPortraitUpsideDown UIInterfaceOrientationLandscapeLeft UIInterfaceOrientationLandscapeRight";
				INFOPLIST_KEY_UISupportedInterfaceOrientations_iPhone = "UIInterfaceOrientationPortrait UIInterfaceOrientationLandscapeLeft UIInterfaceOrientationLandscapeRight";
				LD_RUNPATH_SEARCH_PATHS = (
					"$(inherited)",
					"@executable_path/Frameworks",
				);
				MARKETING_VERSION = 1.0;
				PRODUCT_BUNDLE_IDENTIFIER = com.natalykn.AppSUI01;
				PRODUCT_NAME = "$(TARGET_NAME)";
				SWIFT_EMIT_LOC_STRINGS = YES;
				SWIFT_VERSION = 5.0;
				TARGETED_DEVICE_FAMILY = "1,2";
			};
			name = Release;
		};
/* End XCBuildConfiguration section */

/* Begin XCConfigurationList section */
		D8101F552758FA7000602D46 /* Build configuration list for PBXProject "AppSUI01" */ = {
			isa = XCConfigurationList;
			buildConfigurations = (
				D8101F662758FA7100602D46 /* Debug */,
				D8101F672758FA7100602D46 /* Release */,
			);
			defaultConfigurationIsVisible = 0;
			defaultConfigurationName = Release;
		};
		D8101F682758FA7100602D46 /* Build configuration list for PBXNativeTarget "AppSUI01" */ = {
			isa = XCConfigurationList;
			buildConfigurations = (
				D8101F692758FA7100602D46 /* Debug */,
				D8101F6A2758FA7100602D46 /* Release */,
			);
			defaultConfigurationIsVisible = 0;
			defaultConfigurationName = Release;
		};
/* End XCConfigurationList section */
	};
	rootObject = D8101F522758FA7000602D46 /* Project object */;
}
